lockfileVersion: '9.0'

settings:
  autoInstallPeers: true
  excludeLinksFromLockfile: false

importers:

  .:
    dependencies:
      codemirror-theme-vars:
        specifier: ^0.1.2
        version: 0.1.2
      prism-theme-vars:
        specifier: ^0.2.5
        version: 0.2.5

packages:

  codemirror-theme-vars@0.1.2:
    resolution: {integrity: sha512-WTau8X2q58b0SOAY9DO+iQVw8JKVEgyQIqArp2D732tcc+pobbMta3bnVMdQdmgwuvNrOFFr6HoxPRoQOgooFA==}

  prism-theme-vars@0.2.5:
    resolution: {integrity: sha512-/D8gBTScYzi9afwE6v3TC1U/1YFZ6k+ly17mtVRdLpGy7E79YjJJWkXFgUDHJ2gDksV/ZnXF7ydJ4TvoDm2z/Q==}

snapshots:

  codemirror-theme-vars@0.1.2: {}

  prism-theme-vars@0.2.5: {}
